{
  "name": "umdb",
  "lockfileVersion": 3,
  "requires": true,
  "packages": {
    "": {
      "dependencies": {
        "datatables.net-bs5": "^2.1.2",
        "jquery": "^3.7.1",
        "luxon": "^3.4.4",
        "swagger-ui-dist": "^5.17.14"
      }
    },
    "node_modules/datatables.net": {
      "version": "2.1.2",
      "resolved": "https://registry.npmjs.org/datatables.net/-/datatables.net-2.1.2.tgz",
      "integrity": "sha512-FZMH3bVqP6pKq/LwhFRoH22xW45bWt9eAdf7hmFrZkluXId6RNOr1EnrVvwHTo/f7l/rZX4wgHvnGvtOyj9Spw==",
      "dependencies": {
        "jquery": ">=1.7"
      }
    },
    "node_modules/datatables.net-bs5": {
      "version": "2.1.2",
      "resolved": "https://registry.npmjs.org/datatables.net-bs5/-/datatables.net-bs5-2.1.2.tgz",
      "integrity": "sha512-DBkr0+yBDNJYmJ1JlPh/wYJ8h9yNMHDtNE7wznuZUP32CrKRsPF2pvLsvyzChY/j0ZvR5l2myxI6wDQFx+dFLQ==",
      "dependencies": {
        "datatables.net": "2.1.2",
        "jquery": ">=1.7"
      }
    },
    "node_modules/jquery": {
      "version": "3.7.1",
      "resolved": "https://registry.npmjs.org/jquery/-/jquery-3.7.1.tgz",
      "integrity": "sha512-m4avr8yL8kmFN8psrbFFFmB/If14iN5o9nw/NgnnM+kybDJpRsAynV2BsfpTYrTRysYUdADVD7CkUUizgkpLfg=="
    },
    "node_modules/luxon": {
      "version": "3.4.4",
      "resolved": "https://registry.npmjs.org/luxon/-/luxon-3.4.4.tgz",
      "integrity": "sha512-zobTr7akeGHnv7eBOXcRgMeCP6+uyYsczwmeRCauvpvaAltgNyTbLH/+VaEAPUeWBT+1GuNmz4wC/6jtQzbbVA==",
      "engines": {
        "node": ">=12"
      }
    },
    "node_modules/swagger-ui-dist": {
      "version": "5.17.14",
      "resolved": "https://registry.npmjs.org/swagger-ui-dist/-/swagger-ui-dist-5.17.14.tgz",
      "integrity": "sha512-CVbSfaLpstV65OnSjbXfVd6Sta3q3F7Cj/yYuvHMp1P90LztOLs6PfUnKEVAeiIVQt9u2SaPwv0LiH/OyMjHRw=="
    }
  }
}
