{
  "name": "bridg",
  "lockfileVersion": 3,
  "requires": true,
  "packages": {
    "": {
      "dependencies": {
        "@alpinejs/persist": "^3.14.1",
        "@fortawesome/fontawesome-free": "^6.6.0",
        "alpinejs": "^3.14.1",
        "bootstrap": "^5.3.3",
        "datatables.net-bs5": "^2.1.2",
        "htmx.org": "^2.0.1",
        "jquery": "^3.7.1",
        "luxon": "^3.4.4",
        "select2": "^4.1.0-rc.0",
        "swagger-ui-dist": "^5.17.14"
      }
    },
    "node_modules/@alpinejs/persist": {
      "version": "3.14.1",
      "resolved": "https://registry.npmjs.org/@alpinejs/persist/-/persist-3.14.1.tgz",
      "integrity": "sha512-odlZ6RZRcysaIdbhcbvuxRmq1wXlKWytjsfgz4U45vZbozU/WcTDkWbyyHjnrbMWgFIsS/jRiohtJuXN0js7PA=="
    },
    "node_modules/@fortawesome/fontawesome-free": {
      "version": "6.6.0",
      "resolved": "https://registry.npmjs.org/@fortawesome/fontawesome-free/-/fontawesome-free-6.6.0.tgz",
      "integrity": "sha512-60G28ke/sXdtS9KZCpZSHHkCbdsOGEhIUGlwq6yhY74UpTiToIh8np7A8yphhM4BWsvNFtIvLpi4co+h9Mr9Ow==",
      "engines": {
        "node": ">=6"
      }
    },
    "node_modules/@popperjs/core": {
      "version": "2.11.8",
      "resolved": "https://registry.npmjs.org/@popperjs/core/-/core-2.11.8.tgz",
      "integrity": "sha512-P1st0aksCrn9sGZhp8GMYwBnQsbvAWsZAX44oXNNvLHGqAOcoVxmjZiohstwQ7SqKnbR47akdNi+uleWD8+g6A==",
      "peer": true,
      "funding": {
        "type": "opencollective",
        "url": "https://opencollective.com/popperjs"
      }
    },
    "node_modules/@vue/reactivity": {
      "version": "3.1.5",
      "resolved": "https://registry.npmjs.org/@vue/reactivity/-/reactivity-3.1.5.tgz",
      "integrity": "sha512-1tdfLmNjWG6t/CsPldh+foumYFo3cpyCHgBYQ34ylaMsJ+SNHQ1kApMIa8jN+i593zQuaw3AdWH0nJTARzCFhg==",
      "dependencies": {
        "@vue/shared": "3.1.5"
      }
    },
    "node_modules/@vue/shared": {
      "version": "3.1.5",
      "resolved": "https://registry.npmjs.org/@vue/shared/-/shared-3.1.5.tgz",
      "integrity": "sha512-oJ4F3TnvpXaQwZJNF3ZK+kLPHKarDmJjJ6jyzVNDKH9md1dptjC7lWR//jrGuLdek/U6iltWxqAnYOu8gCiOvA=="
    },
    "node_modules/alpinejs": {
      "version": "3.14.1",
      "resolved": "https://registry.npmjs.org/alpinejs/-/alpinejs-3.14.1.tgz",
      "integrity": "sha512-ICar8UsnRZAYvv/fCNfNeKMXNoXGUfwHrjx7LqXd08zIP95G2d9bAOuaL97re+1mgt/HojqHsfdOLo/A5LuWgQ==",
      "dependencies": {
        "@vue/reactivity": "~3.1.1"
      }
    },
    "node_modules/bootstrap": {
      "version": "5.3.3",
      "resolved": "https://registry.npmjs.org/bootstrap/-/bootstrap-5.3.3.tgz",
      "integrity": "sha512-8HLCdWgyoMguSO9o+aH+iuZ+aht+mzW0u3HIMzVu7Srrpv7EBBxTnrFlSCskwdY1+EOFQSm7uMJhNQHkdPcmjg==",
      "funding": [
        {
          "type": "github",
          "url": "https://github.com/sponsors/twbs"
        },
        {
          "type": "opencollective",
          "url": "https://opencollective.com/bootstrap"
        }
      ],
      "peerDependencies": {
        "@popperjs/core": "^2.11.8"
      }
    },
    "node_modules/datatables.net": {
      "version": "2.1.2",
      "resolved": "https://registry.npmjs.org/datatables.net/-/datatables.net-2.1.2.tgz",
      "integrity": "sha512-FZMH3bVqP6pKq/LwhFRoH22xW45bWt9eAdf7hmFrZkluXId6RNOr1EnrVvwHTo/f7l/rZX4wgHvnGvtOyj9Spw==",
      "dependencies": {
        "jquery": ">=1.7"
      }
    },
    "node_modules/datatables.net-bs5": {
      "version": "2.1.2",
      "resolved": "https://registry.npmjs.org/datatables.net-bs5/-/datatables.net-bs5-2.1.2.tgz",
      "integrity": "sha512-DBkr0+yBDNJYmJ1JlPh/wYJ8h9yNMHDtNE7wznuZUP32CrKRsPF2pvLsvyzChY/j0ZvR5l2myxI6wDQFx+dFLQ==",
      "dependencies": {
        "datatables.net": "2.1.2",
        "jquery": ">=1.7"
      }
    },
    "node_modules/htmx.org": {
      "version": "2.0.1",
      "resolved": "https://registry.npmjs.org/htmx.org/-/htmx.org-2.0.1.tgz",
      "integrity": "sha512-wO/rWlveSLD2mzRS9Em0v5hlsi6r21iUvaS17GPMgehBbM7eoQmqGQCkscsM67poF24zONgq3gQv+q/cgCHn2w=="
    },
    "node_modules/jquery": {
      "version": "3.7.1",
      "resolved": "https://registry.npmjs.org/jquery/-/jquery-3.7.1.tgz",
      "integrity": "sha512-m4avr8yL8kmFN8psrbFFFmB/If14iN5o9nw/NgnnM+kybDJpRsAynV2BsfpTYrTRysYUdADVD7CkUUizgkpLfg=="
    },
    "node_modules/luxon": {
      "version": "3.4.4",
      "resolved": "https://registry.npmjs.org/luxon/-/luxon-3.4.4.tgz",
      "integrity": "sha512-zobTr7akeGHnv7eBOXcRgMeCP6+uyYsczwmeRCauvpvaAltgNyTbLH/+VaEAPUeWBT+1GuNmz4wC/6jtQzbbVA==",
      "engines": {
        "node": ">=12"
      }
    },
    "node_modules/select2": {
      "version": "4.1.0-rc.0",
      "resolved": "https://registry.npmjs.org/select2/-/select2-4.1.0-rc.0.tgz",
      "integrity": "sha512-Hr9TdhyHCZUtwznEH2CBf7967mEM0idtJ5nMtjvk3Up5tPukOLXbHUNmh10oRfeNIhj+3GD3niu+g6sVK+gK0A=="
    },
    "node_modules/swagger-ui-dist": {
      "version": "5.17.14",
      "resolved": "https://registry.npmjs.org/swagger-ui-dist/-/swagger-ui-dist-5.17.14.tgz",
      "integrity": "sha512-CVbSfaLpstV65OnSjbXfVd6Sta3q3F7Cj/yYuvHMp1P90LztOLs6PfUnKEVAeiIVQt9u2SaPwv0LiH/OyMjHRw=="
    }
  }
}
